<?xml version="1.0" encoding="utf-8"?>
<Project ToolsVersion="4.0" xmlns="http://schemas.microsoft.com/developer/msbuild/2003">
  <ItemGroup>
    <Filter Include="code">
      <UniqueIdentifier>{ca9db7c2-9354-4096-8706-fdf29661c096}</UniqueIdentifier>
    </Filter>
    <Filter Include="code\src">
      <UniqueIdentifier>{2beb9d1a-5319-4254-bb86-1a9e9b800ae8}</UniqueIdentifier>
    </Filter>
    <Filter Include="code\include">
      <UniqueIdentifier>{a8427720-6f1d-4f3a-936f-09b1eedb1157}</UniqueIdentifier>
    </Filter>
    <Filter Include="code\game">
      <UniqueIdentifier>{35aa6373-4101-4019-8029-85b319a11016}</UniqueIdentifier>
    </Filter>
    <Filter Include="code\src\third_party">
      <UniqueIdentifier>{a86d5621-ac2c-47d6-a5e0-b64b1281bfaf}</UniqueIdentifier>
    </Filter>
    <Filter Include="code\src\ecs">
      <UniqueIdentifier>{bdd4ba3e-d032-453d-9867-39a5aaa79f9b}</UniqueIdentifier>
    </Filter>
    <Filter Include="code\include\ecs">
      <UniqueIdentifier>{b904c2ad-8971-4936-8e5e-3b249fd63c70}</UniqueIdentifier>
    </Filter>
    <Filter Include="code\include\generic">
      <UniqueIdentifier>{b6d272f6-f0eb-478a-903a-72810b8dd68b}</UniqueIdentifier>
    </Filter>
    <Filter Include="code\include\render">
      <UniqueIdentifier>{d3caf49e-5230-4ad9-92ec-c21831459a20}</UniqueIdentifier>
    </Filter>
    <Filter Include="code\include\render\opengl">
      <UniqueIdentifier>{e0380346-ef1b-429a-9071-6b81e90d5f3b}</UniqueIdentifier>
    </Filter>
    <Filter Include="code\core">
      <UniqueIdentifier>{f9858961-f6bc-4972-8ee0-75518a1e05ec}</UniqueIdentifier>
    </Filter>
    <Filter Include="code\core\systems">
      <UniqueIdentifier>{102f67b8-e308-4e85-a834-3f8252141d4e}</UniqueIdentifier>
    </Filter>
    <Filter Include="code\render">
      <UniqueIdentifier>{aed3c336-4e49-4c7e-823b-3287f14b6a2d}</UniqueIdentifier>
    </Filter>
    <Filter Include="code\render\opengl">
      <UniqueIdentifier>{92237544-1009-4700-8154-f98688669c11}</UniqueIdentifier>
    </Filter>
    <Filter Include="code\platform">
      <UniqueIdentifier>{03046715-c2a2-4746-81fd-c8391fe25c0e}</UniqueIdentifier>
    </Filter>
    <Filter Include="code\basic">
      <UniqueIdentifier>{d1c88780-2910-432a-97ce-9de6653cc48e}</UniqueIdentifier>
    </Filter>
    <Filter Include="code\platform\windows">
      <UniqueIdentifier>{b91279a7-4541-4b92-9f9c-ad97b60802cd}</UniqueIdentifier>
    </Filter>
  </ItemGroup>
  <ItemGroup>
    <ClCompile Include="..\code\game.cpp">
      <Filter>code</Filter>
    </ClCompile>
    <ClCompile Include="..\code\win32_startup.cpp">
      <Filter>code</Filter>
    </ClCompile>
    <ClCompile Include="..\code\src\camera.cpp">
      <Filter>code\src</Filter>
    </ClCompile>
    <ClCompile Include="..\code\src\engine.cpp">
      <Filter>code\src</Filter>
    </ClCompile>
    <ClCompile Include="..\code\src\font.cpp">
      <Filter>code\src</Filter>
    </ClCompile>
    <ClCompile Include="..\code\src\glew.c">
      <Filter>code\src</Filter>
    </ClCompile>
    <ClCompile Include="..\code\src\sprite.cpp">
      <Filter>code\src</Filter>
    </ClCompile>
    <ClCompile Include="..\code\src\texture.cpp">
      <Filter>code\src</Filter>
    </ClCompile>
    <ClCompile Include="..\code\src\timer_manager.cpp">
      <Filter>code\src</Filter>
    </ClCompile>
    <ClCompile Include="..\code\src\transform.cpp">
      <Filter>code\src</Filter>
    </ClCompile>
    <ClCompile Include="..\code\game\game_instance.cpp">
      <Filter>code\game</Filter>
    </ClCompile>
    <ClCompile Include="..\code\src\config.cpp">
      <Filter>code\src</Filter>
    </ClCompile>
    <ClCompile Include="..\code\src\widget.cpp">
      <Filter>code\src</Filter>
    </ClCompile>
    <ClCompile Include="..\code\src\input.cpp">
      <Filter>code\src</Filter>
    </ClCompile>
    <ClCompile Include="..\code\src\widget_list.cpp">
      <Filter>code\src</Filter>
    </ClCompile>
    <ClCompile Include="..\code\src\widget_text.cpp">
      <Filter>code\src</Filter>
    </ClCompile>
    <ClCompile Include="..\code\third_party\cJSON\cJSON.c">
      <Filter>code\src\third_party</Filter>
    </ClCompile>
    <ClCompile Include="..\code\src\ecs\entity.cpp">
      <Filter>code\src\ecs</Filter>
    </ClCompile>
    <ClCompile Include="..\code\src\octree.cpp">
      <Filter>code\src</Filter>
    </ClCompile>
    <ClCompile Include="..\code\src\text_component.cpp">
      <Filter>code\src</Filter>
    </ClCompile>
    <ClCompile Include="..\code\third_party\OpenFBX\ofbx.cpp">
      <Filter>code\src\third_party</Filter>
    </ClCompile>
    <ClCompile Include="..\code\third_party\minz\miniz.c">
      <Filter>code\src\third_party</Filter>
    </ClCompile>
    <ClCompile Include="..\code\src\fbx_helper.cpp">
      <Filter>code\src</Filter>
    </ClCompile>
    <ClCompile Include="..\code\src\render_system.cpp">
      <Filter>code\render</Filter>
    </ClCompile>
    <ClCompile Include="..\code\render\render_common.cpp">
      <Filter>code\render</Filter>
    </ClCompile>
    <ClCompile Include="..\code\render\opengl\opengl_wrapper.cpp">
      <Filter>code\render\opengl</Filter>
    </ClCompile>
    <ClCompile Include="..\code\render\opengl\glbuffer.cpp">
      <Filter>code\render\opengl</Filter>
    </ClCompile>
    <ClCompile Include="..\code\render\opengl\glshader.cpp">
      <Filter>code\render\opengl</Filter>
    </ClCompile>
    <ClCompile Include="..\code\render\opengl\resource_shader.cpp">
      <Filter>code\render\opengl</Filter>
    </ClCompile>
    <ClCompile Include="..\code\render\opengl\static_mesh.cpp">
      <Filter>code\render\opengl</Filter>
    </ClCompile>
    <ClCompile Include="..\code\render\opengl\opengl_render.cpp">
      <Filter>code\render\opengl</Filter>
    </ClCompile>
    <ClCompile Include="..\code\core\system_manager.cpp">
      <Filter>code\core\systems</Filter>
    </ClCompile>
    <ClCompile Include="..\code\core\systems\resource_storage.cpp">
      <Filter>code\core\systems</Filter>
    </ClCompile>
    <ClCompile Include="..\code\core\systems\widget_system.cpp">
      <Filter>code\core\systems</Filter>
    </ClCompile>
    <ClCompile Include="..\code\platform\windows\win32_file.cpp">
      <Filter>code\platform\windows</Filter>
    </ClCompile>
    <ClCompile Include="..\code\platform\windows\win32_time.cpp">
      <Filter>code\platform\windows</Filter>
    </ClCompile>
    <ClCompile Include="..\code\platform\windows\win32_window.cpp">
      <Filter>code\platform\windows</Filter>
    </ClCompile>
    <ClCompile Include="..\code\basic\memory.cpp">
      <Filter>code\basic</Filter>
    </ClCompile>
    <ClCompile Include="..\code\basic\debug.cpp">
      <Filter>code\basic</Filter>
    </ClCompile>
    <ClCompile Include="..\code\basic\convert.cpp">
      <Filter>code\basic</Filter>
    </ClCompile>
    <ClCompile Include="..\code\basic\json_object.cpp">
      <Filter>code\basic</Filter>
    </ClCompile>
    <ClCompile Include="..\code\basic\string.cpp">
      <Filter>code\basic</Filter>
    </ClCompile>
    <ClCompile Include="..\code\basic\image.cpp">
      <Filter>code\basic</Filter>
    </ClCompile>
    <ClCompile Include="..\code\basic\json_document.cpp">
      <Filter>code\basic</Filter>
    </ClCompile>
    <ClCompile Include="..\code\core\systems\file_system.cpp">
      <Filter>code\core\systems</Filter>
    </ClCompile>
    <ClCompile Include="..\code\core\file_name.cpp">
      <Filter>code\core</Filter>
    </ClCompile>
    <ClCompile Include="..\code\core\path.cpp">
      <Filter>code\core</Filter>
    </ClCompile>
    <ClCompile Include="..\code\core\file.cpp">
      <Filter>code\core</Filter>
    </ClCompile>
  </ItemGroup>
  <ItemGroup>
    <ClInclude Include="..\code\include\camera.hpp">
      <Filter>code\include</Filter>
    </ClInclude>
    <ClInclude Include="..\code\include\engine.hpp">
      <Filter>code\include</Filter>
    </ClInclude>
    <ClInclude Include="..\code\include\font.hpp">
      <Filter>code\include</Filter>
    </ClInclude>
    <ClInclude Include="..\code\include\sprite.hpp">
      <Filter>code\include</Filter>
    </ClInclude>
    <ClInclude Include="..\code\include\texture.hpp">
      <Filter>code\include</Filter>
    </ClInclude>
    <ClInclude Include="..\code\include\timer_manager.hpp">
      <Filter>code\include</Filter>
    </ClInclude>
    <ClInclude Include="..\code\include\transform.hpp">
      <Filter>code\include</Filter>
    </ClInclude>
    <ClInclude Include="..\code\include\window.hpp">
      <Filter>code\include</Filter>
    </ClInclude>
    <ClInclude Include="..\code\include\world.hpp">
      <Filter>code\include</Filter>
    </ClInclude>
    <ClInclude Include="..\code\game\game_instance.hpp">
      <Filter>code\game</Filter>
    </ClInclude>
    <ClInclude Include="..\code\include\widget.hpp">
      <Filter>code\include</Filter>
    </ClInclude>
    <ClInclude Include="..\code\include\widget_list.hpp">
      <Filter>code\include</Filter>
    </ClInclude>
    <ClInclude Include="..\code\include\widget_text.hpp">
      <Filter>code\include</Filter>
    </ClInclude>
    <ClInclude Include="..\code\include\ecs\entity.hpp">
      <Filter>code\include\ecs</Filter>
    </ClInclude>
    <ClInclude Include="..\code\include\ecs\component.hpp">
      <Filter>code\include\ecs</Filter>
    </ClInclude>
    <ClInclude Include="..\code\include\octree.h">
      <Filter>code\include</Filter>
    </ClInclude>
    <ClInclude Include="..\code\include\frustum.hpp">
      <Filter>code\include</Filter>
    </ClInclude>
    <ClInclude Include="..\code\include\generic\generic_object.hpp">
      <Filter>code\include\generic</Filter>
    </ClInclude>
    <ClInclude Include="..\code\include\generic\type_info.hpp">
      <Filter>code\include\generic</Filter>
    </ClInclude>
    <ClInclude Include="..\code\include\ecs\ecs_manager.hpp">
      <Filter>code\include\ecs</Filter>
    </ClInclude>
    <ClInclude Include="..\code\include\type_registration.hpp">
      <Filter>code\include</Filter>
    </ClInclude>
    <ClInclude Include="..\code\include\text_component.hpp">
      <Filter>code\include</Filter>
    </ClInclude>
    <ClInclude Include="..\code\third_party\OpenFBX\ofbx.h">
      <Filter>code\src\third_party</Filter>
    </ClInclude>
    <ClInclude Include="..\code\third_party\minz\miniz.h">
      <Filter>code\src\third_party</Filter>
    </ClInclude>
    <ClInclude Include="..\code\render\render_object_manager.hpp" />
    <ClInclude Include="..\code\core\system.hpp">
      <Filter>code\core\systems</Filter>
    </ClInclude>
    <ClInclude Include="..\code\core\system_manager.hpp">
      <Filter>code\core\systems</Filter>
    </ClInclude>
    <ClInclude Include="..\code\core\systems\resource_storage.hpp">
      <Filter>code\core\systems</Filter>
    </ClInclude>
    <ClInclude Include="..\code\core\systems\widget_system.hpp">
      <Filter>code\core\systems</Filter>
    </ClInclude>
    <ClInclude Include="..\code\core\stdext.hpp">
      <Filter>code\core</Filter>
    </ClInclude>
    <ClInclude Include="..\code\core\pool.hpp">
      <Filter>code\core</Filter>
    </ClInclude>
    <ClInclude Include="..\code\render\render.hpp">
      <Filter>code\render</Filter>
    </ClInclude>
    <ClInclude Include="..\code\render\render_common.hpp">
      <Filter>code\render</Filter>
    </ClInclude>
    <ClInclude Include="..\code\include\render_system.hpp">
      <Filter>code\render</Filter>
    </ClInclude>
    <ClInclude Include="..\code\render\opengl\glbuffer.hpp">
      <Filter>code\render\opengl</Filter>
    </ClInclude>
    <ClInclude Include="..\code\render\opengl\glshader.hpp">
      <Filter>code\render\opengl</Filter>
    </ClInclude>
    <ClInclude Include="..\code\render\opengl\gltypes.hpp">
      <Filter>code\render\opengl</Filter>
    </ClInclude>
    <ClInclude Include="..\code\render\opengl\opengl_wrapper.hpp">
      <Filter>code\render\opengl</Filter>
    </ClInclude>
    <ClInclude Include="..\code\render\opengl\resource_shader.hpp">
      <Filter>code\render\opengl</Filter>
    </ClInclude>
    <ClInclude Include="..\code\render\opengl\static_mesh.hpp">
      <Filter>code\render\opengl</Filter>
    </ClInclude>
    <ClInclude Include="..\code\render\opengl\opengl_render.hpp">
      <Filter>code\render\opengl</Filter>
    </ClInclude>
    <ClInclude Include="..\code\basic\archive.hpp">
      <Filter>code\basic</Filter>
    </ClInclude>
    <ClInclude Include="..\code\basic\common.hpp">
      <Filter>code\basic</Filter>
    </ClInclude>
    <ClInclude Include="..\code\basic\convert.hpp">
      <Filter>code\basic</Filter>
    </ClInclude>
    <ClInclude Include="..\code\basic\debug.hpp">
      <Filter>code\basic</Filter>
    </ClInclude>
    <ClInclude Include="..\code\basic\hash_map.hpp">
      <Filter>code\basic</Filter>
    </ClInclude>
    <ClInclude Include="..\code\basic\image.hpp">
      <Filter>code\basic</Filter>
    </ClInclude>
    <ClInclude Include="..\code\basic\json_document.hpp">
      <Filter>code\basic</Filter>
    </ClInclude>
    <ClInclude Include="..\code\basic\json_object.hpp">
      <Filter>code\basic</Filter>
    </ClInclude>
    <ClInclude Include="..\code\basic\memory.hpp">
      <Filter>code\basic</Filter>
    </ClInclude>
    <ClInclude Include="..\code\basic\pair.hpp">
      <Filter>code\basic</Filter>
    </ClInclude>
    <ClInclude Include="..\code\basic\string.hpp">
      <Filter>code\basic</Filter>
    </ClInclude>
    <ClInclude Include="..\code\basic\time.hpp">
      <Filter>code\basic</Filter>
    </ClInclude>
    <ClInclude Include="..\code\basic\types.hpp">
      <Filter>code\basic</Filter>
    </ClInclude>
    <ClInclude Include="..\code\basic\vector.hpp">
      <Filter>code\basic</Filter>
    </ClInclude>
    <ClInclude Include="..\code\core\systems\file_system.hpp">
      <Filter>code\core\systems</Filter>
    </ClInclude>
    <ClInclude Include="..\code\core\core.hpp">
      <Filter>code\core</Filter>
    </ClInclude>
    <ClInclude Include="..\code\core\file_name.hpp">
      <Filter>code\core</Filter>
    </ClInclude>
    <ClInclude Include="..\code\core\path.hpp">
      <Filter>code\core</Filter>
    </ClInclude>
    <ClInclude Include="..\code\core\file_node.hpp">
      <Filter>code\core</Filter>
    </ClInclude>
    <ClInclude Include="..\code\core\file.hpp">
      <Filter>code\core</Filter>
    </ClInclude>
  </ItemGroup>
</Project>